
Microsoft Visual Studio Solution File, Format Version 12.00
# Visual Studio Version 17
VisualStudioVersion = 17.3.32804.467
MinimumVisualStudioVersion = 10.0.40219.1
Project("{FAE04EC0-301F-11D3-BF4B-00C04F79EFBC}") = "Zahlenspielkorrigiert", "Zahlenspielkorrigiert.csproj", "{3912639E-23C9-48F0-84CD-C09A69A27D5B}"
EndProject
Global
	GlobalSection(SolutionConfigurationPlatforms) = preSolution
		Debug|Any CPU = Debug|Any CPU
		Release|Any CPU = Release|Any CPU
	EndGlobalSection
	GlobalSection(ProjectConfigurationPlatforms) = postSolution
		{3912639E-23C9-48F0-84CD-C09A69A27D5B}.Debug|Any CPU.ActiveCfg = Debug|Any CPU
		{3912639E-23C9-48F0-84CD-C09A69A27D5B}.Debug|Any CPU.Build.0 = Debug|Any CPU
		{3912639E-23C9-48F0-84CD-C09A69A27D5B}.Release|Any CPU.ActiveCfg = Release|Any CPU
		{3912639E-23C9-48F0-84CD-C09A69A27D5B}.Release|Any CPU.Build.0 = Release|Any CPU
	EndGlobalSection
	GlobalSection(SolutionProperties) = preSolution
		HideSolutionNode = FALSE
	EndGlobalSection
	GlobalSection(ExtensibilityGlobals) = postSolution
		SolutionGuid = {2E878515-F696-434B-BE8E-891A4525AE13}
	EndGlobalSection
EndGlobal
